
Microsoft Visual Studio Solution File, Format Version 12.00
# Visual Studio Version 17
VisualStudioVersion = 17.7.34202.233
MinimumVisualStudioVersion = 10.0.40219.1
Project("{9A19103F-16F7-4668-BE54-9A1E7A4F7556}") = "Ejercicio1", "Ejercicio1\Ejercicio1.csproj", "{B12CE389-1C91-4D2B-B2A5-A5A23D9AD1FC}"
EndProject
Project("{9A19103F-16F7-4668-BE54-9A1E7A4F7556}") = "Ejercicio2", "Ejercicio2\Ejercicio2.csproj", "{344C6087-B767-4DD6-965A-2668AD1681E3}"
EndProject
Project("{9A19103F-16F7-4668-BE54-9A1E7A4F7556}") = "Ejercicio3", "Ejercicio3\Ejercicio3.csproj", "{B29709CD-9985-4F51-827F-0272CE0CFEB4}"
EndProject
Project("{FAE04EC0-301F-11D3-BF4B-00C04F79EFBC}") = "Ejercicio5", "Ejercicio5\Ejercicio5.csproj", "{D572CAAC-A760-4A96-85B9-64095E38C431}"
EndProject
Global
	GlobalSection(SolutionConfigurationPlatforms) = preSolution
		Debug|Any CPU = Debug|Any CPU
		Release|Any CPU = Release|Any CPU
	EndGlobalSection
	GlobalSection(ProjectConfigurationPlatforms) = postSolution
		{B12CE389-1C91-4D2B-B2A5-A5A23D9AD1FC}.Debug|Any CPU.ActiveCfg = Debug|Any CPU
		{B12CE389-1C91-4D2B-B2A5-A5A23D9AD1FC}.Debug|Any CPU.Build.0 = Debug|Any CPU
		{B12CE389-1C91-4D2B-B2A5-A5A23D9AD1FC}.Debug|Any CPU.Deploy.0 = Debug|Any CPU
		{B12CE389-1C91-4D2B-B2A5-A5A23D9AD1FC}.Release|Any CPU.ActiveCfg = Release|Any CPU
		{B12CE389-1C91-4D2B-B2A5-A5A23D9AD1FC}.Release|Any CPU.Build.0 = Release|Any CPU
		{B12CE389-1C91-4D2B-B2A5-A5A23D9AD1FC}.Release|Any CPU.Deploy.0 = Release|Any CPU
		{344C6087-B767-4DD6-965A-2668AD1681E3}.Debug|Any CPU.ActiveCfg = Debug|Any CPU
		{344C6087-B767-4DD6-965A-2668AD1681E3}.Debug|Any CPU.Build.0 = Debug|Any CPU
		{344C6087-B767-4DD6-965A-2668AD1681E3}.Debug|Any CPU.Deploy.0 = Debug|Any CPU
		{344C6087-B767-4DD6-965A-2668AD1681E3}.Release|Any CPU.ActiveCfg = Release|Any CPU
		{344C6087-B767-4DD6-965A-2668AD1681E3}.Release|Any CPU.Build.0 = Release|Any CPU
		{344C6087-B767-4DD6-965A-2668AD1681E3}.Release|Any CPU.Deploy.0 = Release|Any CPU
		{B29709CD-9985-4F51-827F-0272CE0CFEB4}.Debug|Any CPU.ActiveCfg = Debug|Any CPU
		{B29709CD-9985-4F51-827F-0272CE0CFEB4}.Debug|Any CPU.Build.0 = Debug|Any CPU
		{B29709CD-9985-4F51-827F-0272CE0CFEB4}.Debug|Any CPU.Deploy.0 = Debug|Any CPU
		{B29709CD-9985-4F51-827F-0272CE0CFEB4}.Release|Any CPU.ActiveCfg = Release|Any CPU
		{B29709CD-9985-4F51-827F-0272CE0CFEB4}.Release|Any CPU.Build.0 = Release|Any CPU
		{B29709CD-9985-4F51-827F-0272CE0CFEB4}.Release|Any CPU.Deploy.0 = Release|Any CPU
		{D572CAAC-A760-4A96-85B9-64095E38C431}.Debug|Any CPU.ActiveCfg = Debug|Any CPU
		{D572CAAC-A760-4A96-85B9-64095E38C431}.Debug|Any CPU.Build.0 = Debug|Any CPU
		{D572CAAC-A760-4A96-85B9-64095E38C431}.Debug|Any CPU.Deploy.0 = Debug|Any CPU
		{D572CAAC-A760-4A96-85B9-64095E38C431}.Release|Any CPU.ActiveCfg = Release|Any CPU
		{D572CAAC-A760-4A96-85B9-64095E38C431}.Release|Any CPU.Build.0 = Release|Any CPU
		{D572CAAC-A760-4A96-85B9-64095E38C431}.Release|Any CPU.Deploy.0 = Release|Any CPU
	EndGlobalSection
	GlobalSection(SolutionProperties) = preSolution
		HideSolutionNode = FALSE
	EndGlobalSection
	GlobalSection(ExtensibilityGlobals) = postSolution
		SolutionGuid = {6427FBB1-BE82-40B7-B7BF-F9821467C873}
	EndGlobalSection
EndGlobal
